
Microsoft Visual Studio Solution File, Format Version 12.00
# Visual Studio Version 16
VisualStudioVersion = 16.0.31605.320
MinimumVisualStudioVersion = 10.0.40219.1
Project("{FAE04EC0-301F-11D3-BF4B-00C04F79EFBC}") = "Slack.API.Net48", "Slack.API.Net48\Slack.API.Net48.csproj", "{D9C40CE3-642A-4A1E-BCEF-E9F21EA5AD1D}"
EndProject
Project("{FAE04EC0-301F-11D3-BF4B-00C04F79EFBC}") = "Slack.API.Net48.Tests", "Slack.API.Net48.Tests\Slack.API.Net48.Tests.csproj", "{8D9AD528-C654-49F4-922D-81D7DF7CB4AB}"
EndProject
Global
	GlobalSection(SolutionConfigurationPlatforms) = preSolution
		Debug|Any CPU = Debug|Any CPU
		Release|Any CPU = Release|Any CPU
	EndGlobalSection
	GlobalSection(ProjectConfigurationPlatforms) = postSolution
		{D9C40CE3-642A-4A1E-BCEF-E9F21EA5AD1D}.Debug|Any CPU.ActiveCfg = Debug|Any CPU
		{D9C40CE3-642A-4A1E-BCEF-E9F21EA5AD1D}.Debug|Any CPU.Build.0 = Debug|Any CPU
		{D9C40CE3-642A-4A1E-BCEF-E9F21EA5AD1D}.Release|Any CPU.ActiveCfg = Release|Any CPU
		{D9C40CE3-642A-4A1E-BCEF-E9F21EA5AD1D}.Release|Any CPU.Build.0 = Release|Any CPU
		{8D9AD528-C654-49F4-922D-81D7DF7CB4AB}.Debug|Any CPU.ActiveCfg = Debug|Any CPU
		{8D9AD528-C654-49F4-922D-81D7DF7CB4AB}.Debug|Any CPU.Build.0 = Debug|Any CPU
		{8D9AD528-C654-49F4-922D-81D7DF7CB4AB}.Release|Any CPU.ActiveCfg = Release|Any CPU
		{8D9AD528-C654-49F4-922D-81D7DF7CB4AB}.Release|Any CPU.Build.0 = Release|Any CPU
	EndGlobalSection
	GlobalSection(SolutionProperties) = preSolution
		HideSolutionNode = FALSE
	EndGlobalSection
	GlobalSection(ExtensibilityGlobals) = postSolution
		SolutionGuid = {169B55A0-4978-4853-AFA9-07A9E0FFD7B6}
	EndGlobalSection
EndGlobal
